
Microsoft Visual Studio Solution File, Format Version 12.00
# Visual Studio 2013
VisualStudioVersion = 12.0.31101.0
MinimumVisualStudioVersion = 10.0.40219.1
Project("{FAE04EC0-301F-11D3-BF4B-00C04F79EFBC}") = "UniversalValidator", "UniversalValidator\UniversalValidator.csproj", "{58D88336-CFB8-4890-8E31-1F987B361A60}"
EndProject
Project("{FAE04EC0-301F-11D3-BF4B-00C04F79EFBC}") = "UniversalValidatorUT", "UniversalValidatorUT\UniversalValidatorUT.csproj", "{0B4344B5-C98D-4CEC-9903-F6097659AC78}"
EndProject
Global
	GlobalSection(SolutionConfigurationPlatforms) = preSolution
		Debug|Any CPU = Debug|Any CPU
		Release|Any CPU = Release|Any CPU
	EndGlobalSection
	GlobalSection(ProjectConfigurationPlatforms) = postSolution
		{58D88336-CFB8-4890-8E31-1F987B361A60}.Debug|Any CPU.ActiveCfg = Debug|Any CPU
		{58D88336-CFB8-4890-8E31-1F987B361A60}.Debug|Any CPU.Build.0 = Debug|Any CPU
		{58D88336-CFB8-4890-8E31-1F987B361A60}.Release|Any CPU.ActiveCfg = Release|Any CPU
		{58D88336-CFB8-4890-8E31-1F987B361A60}.Release|Any CPU.Build.0 = Release|Any CPU
		{0B4344B5-C98D-4CEC-9903-F6097659AC78}.Debug|Any CPU.ActiveCfg = Debug|Any CPU
		{0B4344B5-C98D-4CEC-9903-F6097659AC78}.Debug|Any CPU.Build.0 = Debug|Any CPU
		{0B4344B5-C98D-4CEC-9903-F6097659AC78}.Release|Any CPU.ActiveCfg = Release|Any CPU
		{0B4344B5-C98D-4CEC-9903-F6097659AC78}.Release|Any CPU.Build.0 = Release|Any CPU
	EndGlobalSection
	GlobalSection(SolutionProperties) = preSolution
		HideSolutionNode = FALSE
	EndGlobalSection
EndGlobal
